
Microsoft Visual Studio Solution File, Format Version 12.00
# Visual Studio Version 16
VisualStudioVersion = 16.0.29613.14
MinimumVisualStudioVersion = 10.0.40219.1
Project("{FAE04EC0-301F-11D3-BF4B-00C04F79EFBC}") = "Hammer", "Hammer.csproj", "{1CBDDB86-4C45-4E1F-9C9D-ADF14FE35AE9}"
	ProjectSection(ProjectDependencies) = postProject
		{195997CF-599F-410D-8679-AB510A10FCD1} = {195997CF-599F-410D-8679-AB510A10FCD1}
	EndProjectSection
EndProject
Project("{FAE04EC0-301F-11D3-BF4B-00C04F79EFBC}") = "Hammer.MODEL", "..\Hammer.MODEL\Hammer.MODEL.csproj", "{195997CF-599F-410D-8679-AB510A10FCD1}"
EndProject
Global
	GlobalSection(SolutionConfigurationPlatforms) = preSolution
		Debug|Any CPU = Debug|Any CPU
		Release|Any CPU = Release|Any CPU
	EndGlobalSection
	GlobalSection(ProjectConfigurationPlatforms) = postSolution
		{1CBDDB86-4C45-4E1F-9C9D-ADF14FE35AE9}.Debug|Any CPU.ActiveCfg = Debug|Any CPU
		{1CBDDB86-4C45-4E1F-9C9D-ADF14FE35AE9}.Debug|Any CPU.Build.0 = Debug|Any CPU
		{1CBDDB86-4C45-4E1F-9C9D-ADF14FE35AE9}.Release|Any CPU.ActiveCfg = Release|Any CPU
		{1CBDDB86-4C45-4E1F-9C9D-ADF14FE35AE9}.Release|Any CPU.Build.0 = Release|Any CPU
		{195997CF-599F-410D-8679-AB510A10FCD1}.Debug|Any CPU.ActiveCfg = Debug|Any CPU
		{195997CF-599F-410D-8679-AB510A10FCD1}.Debug|Any CPU.Build.0 = Debug|Any CPU
		{195997CF-599F-410D-8679-AB510A10FCD1}.Release|Any CPU.ActiveCfg = Release|Any CPU
		{195997CF-599F-410D-8679-AB510A10FCD1}.Release|Any CPU.Build.0 = Release|Any CPU
	EndGlobalSection
	GlobalSection(SolutionProperties) = preSolution
		HideSolutionNode = FALSE
	EndGlobalSection
	GlobalSection(ExtensibilityGlobals) = postSolution
		SolutionGuid = {34A347A6-5B65-438F-A245-EA7C8E242BD3}
	EndGlobalSection
EndGlobal
